
Microsoft Visual Studio Solution File, Format Version 12.00
# Visual Studio Version 17
VisualStudioVersion = 17.9.34728.123
MinimumVisualStudioVersion = 10.0.40219.1
Project("{FAE04EC0-301F-11D3-BF4B-00C04F79EFBC}") = "englishApp", "englishApp\englishApp.csproj", "{A5D87957-7514-4318-AC04-432A58FB151D}"
EndProject
Global
	GlobalSection(SolutionConfigurationPlatforms) = preSolution
		Debug|Any CPU = Debug|Any CPU
		Release|Any CPU = Release|Any CPU
	EndGlobalSection
	GlobalSection(ProjectConfigurationPlatforms) = postSolution
		{A5D87957-7514-4318-AC04-432A58FB151D}.Debug|Any CPU.ActiveCfg = Debug|Any CPU
		{A5D87957-7514-4318-AC04-432A58FB151D}.Debug|Any CPU.Build.0 = Debug|Any CPU
		{A5D87957-7514-4318-AC04-432A58FB151D}.Release|Any CPU.ActiveCfg = Release|Any CPU
		{A5D87957-7514-4318-AC04-432A58FB151D}.Release|Any CPU.Build.0 = Release|Any CPU
	EndGlobalSection
	GlobalSection(SolutionProperties) = preSolution
		HideSolutionNode = FALSE
	EndGlobalSection
	GlobalSection(ExtensibilityGlobals) = postSolution
		SolutionGuid = {F0B1F46D-0AA0-4D08-9FC0-0151DA2DFDEA}
	EndGlobalSection
EndGlobal
